{
  "requires": true,
  "lockfileVersion": 1,
  "dependencies": {
    "elm-debug-transformer": {
      "version": "1.0.4",
      "resolved": "https://registry.npmjs.org/elm-debug-transformer/-/elm-debug-transformer-1.0.4.tgz",
      "integrity": "sha512-Vhr7if7RggkVsHeJPtDu0TzY1nk+uXOJsWY3Tp9IKN0mviFbXS0vsiVHLEJwXmS/B7I6sCjKVulqe2Gne06rAg==",
      "dev": true
    }
  }
}
